
Microsoft Visual Studio Solution File, Format Version 12.00
# Visual Studio Version 17
VisualStudioVersion = 17.9.34701.34
MinimumVisualStudioVersion = 10.0.40219.1
Project("{9A19103F-16F7-4668-BE54-9A1E7A4F7556}") = "LibreriadeClases", "ProgramacionWebII-Actividad-Complementaria-CSharp\LibreriadeClases.csproj", "{EBD371EF-1C1F-4E18-A197-523A726D4CB1}"
EndProject
Project("{9A19103F-16F7-4668-BE54-9A1E7A4F7556}") = "WebApi_Restaurante", "WebApi_Restaurante\WebApi_Restaurante.csproj", "{BB997F62-5659-468C-90F1-6D3B7E9DC698}"
EndProject
Project("{FAE04EC0-301F-11D3-BF4B-00C04F79EFBC}") = "BLL", "Libreria_De_Clases\BLL.csproj", "{CA2A864F-BE95-4C2E-B3B6-343DA2784FC6}"
EndProject
Global
	GlobalSection(SolutionConfigurationPlatforms) = preSolution
		Debug|Any CPU = Debug|Any CPU
		Release|Any CPU = Release|Any CPU
	EndGlobalSection
	GlobalSection(ProjectConfigurationPlatforms) = postSolution
		{EBD371EF-1C1F-4E18-A197-523A726D4CB1}.Debug|Any CPU.ActiveCfg = Debug|Any CPU
		{EBD371EF-1C1F-4E18-A197-523A726D4CB1}.Debug|Any CPU.Build.0 = Debug|Any CPU
		{EBD371EF-1C1F-4E18-A197-523A726D4CB1}.Release|Any CPU.ActiveCfg = Release|Any CPU
		{EBD371EF-1C1F-4E18-A197-523A726D4CB1}.Release|Any CPU.Build.0 = Release|Any CPU
		{BB997F62-5659-468C-90F1-6D3B7E9DC698}.Debug|Any CPU.ActiveCfg = Debug|Any CPU
		{BB997F62-5659-468C-90F1-6D3B7E9DC698}.Debug|Any CPU.Build.0 = Debug|Any CPU
		{BB997F62-5659-468C-90F1-6D3B7E9DC698}.Release|Any CPU.ActiveCfg = Release|Any CPU
		{BB997F62-5659-468C-90F1-6D3B7E9DC698}.Release|Any CPU.Build.0 = Release|Any CPU
		{CA2A864F-BE95-4C2E-B3B6-343DA2784FC6}.Debug|Any CPU.ActiveCfg = Debug|Any CPU
		{CA2A864F-BE95-4C2E-B3B6-343DA2784FC6}.Debug|Any CPU.Build.0 = Debug|Any CPU
		{CA2A864F-BE95-4C2E-B3B6-343DA2784FC6}.Release|Any CPU.ActiveCfg = Release|Any CPU
		{CA2A864F-BE95-4C2E-B3B6-343DA2784FC6}.Release|Any CPU.Build.0 = Release|Any CPU
	EndGlobalSection
	GlobalSection(SolutionProperties) = preSolution
		HideSolutionNode = FALSE
	EndGlobalSection
	GlobalSection(ExtensibilityGlobals) = postSolution
		SolutionGuid = {9EE223E9-F2EB-4DE0-BA40-3FBB67D4FB77}
	EndGlobalSection
EndGlobal
